
Microsoft Visual Studio Solution File, Format Version 12.00
# Visual Studio Version 16
VisualStudioVersion = 16.0.30204.135
MinimumVisualStudioVersion = 10.0.40219.1
Project("{9A19103F-16F7-4668-BE54-9A1E7A4F7556}") = "HiddenGems", "HiddenGems\HiddenGems.csproj", "{4BBB5662-D1F2-456C-99AC-12E21A2CE4C2}"
EndProject
Project("{9A19103F-16F7-4668-BE54-9A1E7A4F7556}") = "HiddenGemsTests", "HiddenGemsTests\HiddenGemsTests.csproj", "{0AEE3227-CB61-431E-BCBA-F2755CC4037D}"
EndProject
Project("{9A19103F-16F7-4668-BE54-9A1E7A4F7556}") = "HiddenGems.Runtime", "HiddenGems.Runtime\HiddenGems.Runtime.csproj", "{8B6E4E45-5A83-446C-8043-6D8B753A23CE}"
EndProject
Global
	GlobalSection(SolutionConfigurationPlatforms) = preSolution
		Debug|Any CPU = Debug|Any CPU
		Debug|x86 = Debug|x86
		Release|Any CPU = Release|Any CPU
		Release|x86 = Release|x86
		Release-Linux|Any CPU = Release-Linux|Any CPU
		Release-Linux|x86 = Release-Linux|x86
		Release-OSX|Any CPU = Release-OSX|Any CPU
		Release-OSX|x86 = Release-OSX|x86
	EndGlobalSection
	GlobalSection(ProjectConfigurationPlatforms) = postSolution
		{4BBB5662-D1F2-456C-99AC-12E21A2CE4C2}.Debug|Any CPU.ActiveCfg = Debug|Any CPU
		{4BBB5662-D1F2-456C-99AC-12E21A2CE4C2}.Debug|Any CPU.Build.0 = Debug|Any CPU
		{4BBB5662-D1F2-456C-99AC-12E21A2CE4C2}.Debug|x86.ActiveCfg = Debug|Any CPU
		{4BBB5662-D1F2-456C-99AC-12E21A2CE4C2}.Debug|x86.Build.0 = Debug|Any CPU
		{4BBB5662-D1F2-456C-99AC-12E21A2CE4C2}.Release|Any CPU.ActiveCfg = Release|Any CPU
		{4BBB5662-D1F2-456C-99AC-12E21A2CE4C2}.Release|Any CPU.Build.0 = Release|Any CPU
		{4BBB5662-D1F2-456C-99AC-12E21A2CE4C2}.Release|x86.ActiveCfg = Release|Any CPU
		{4BBB5662-D1F2-456C-99AC-12E21A2CE4C2}.Release|x86.Build.0 = Release|Any CPU
		{4BBB5662-D1F2-456C-99AC-12E21A2CE4C2}.Release-Linux|Any CPU.ActiveCfg = Release-Linux|Any CPU
		{4BBB5662-D1F2-456C-99AC-12E21A2CE4C2}.Release-Linux|Any CPU.Build.0 = Release-Linux|Any CPU
		{4BBB5662-D1F2-456C-99AC-12E21A2CE4C2}.Release-Linux|x86.ActiveCfg = Release-Linux|Any CPU
		{4BBB5662-D1F2-456C-99AC-12E21A2CE4C2}.Release-Linux|x86.Build.0 = Release-Linux|Any CPU
		{4BBB5662-D1F2-456C-99AC-12E21A2CE4C2}.Release-OSX|Any CPU.ActiveCfg = Release-OSX|Any CPU
		{4BBB5662-D1F2-456C-99AC-12E21A2CE4C2}.Release-OSX|Any CPU.Build.0 = Release-OSX|Any CPU
		{4BBB5662-D1F2-456C-99AC-12E21A2CE4C2}.Release-OSX|x86.ActiveCfg = Release-OSX|Any CPU
		{4BBB5662-D1F2-456C-99AC-12E21A2CE4C2}.Release-OSX|x86.Build.0 = Release-OSX|Any CPU
		{0AEE3227-CB61-431E-BCBA-F2755CC4037D}.Debug|Any CPU.ActiveCfg = Debug|Any CPU
		{0AEE3227-CB61-431E-BCBA-F2755CC4037D}.Debug|Any CPU.Build.0 = Debug|Any CPU
		{0AEE3227-CB61-431E-BCBA-F2755CC4037D}.Debug|x86.ActiveCfg = Debug|Any CPU
		{0AEE3227-CB61-431E-BCBA-F2755CC4037D}.Debug|x86.Build.0 = Debug|Any CPU
		{0AEE3227-CB61-431E-BCBA-F2755CC4037D}.Release|Any CPU.ActiveCfg = Release|Any CPU
		{0AEE3227-CB61-431E-BCBA-F2755CC4037D}.Release|Any CPU.Build.0 = Release|Any CPU
		{0AEE3227-CB61-431E-BCBA-F2755CC4037D}.Release|x86.ActiveCfg = Release|Any CPU
		{0AEE3227-CB61-431E-BCBA-F2755CC4037D}.Release|x86.Build.0 = Release|Any CPU
		{0AEE3227-CB61-431E-BCBA-F2755CC4037D}.Release-Linux|Any CPU.ActiveCfg = Release-Linux|Any CPU
		{0AEE3227-CB61-431E-BCBA-F2755CC4037D}.Release-Linux|Any CPU.Build.0 = Release-Linux|Any CPU
		{0AEE3227-CB61-431E-BCBA-F2755CC4037D}.Release-Linux|x86.ActiveCfg = Release-Linux|Any CPU
		{0AEE3227-CB61-431E-BCBA-F2755CC4037D}.Release-Linux|x86.Build.0 = Release-Linux|Any CPU
		{0AEE3227-CB61-431E-BCBA-F2755CC4037D}.Release-OSX|Any CPU.ActiveCfg = Release-OSX|Any CPU
		{0AEE3227-CB61-431E-BCBA-F2755CC4037D}.Release-OSX|Any CPU.Build.0 = Release-OSX|Any CPU
		{0AEE3227-CB61-431E-BCBA-F2755CC4037D}.Release-OSX|x86.ActiveCfg = Release-OSX|Any CPU
		{0AEE3227-CB61-431E-BCBA-F2755CC4037D}.Release-OSX|x86.Build.0 = Release-OSX|Any CPU
		{8B6E4E45-5A83-446C-8043-6D8B753A23CE}.Debug|Any CPU.ActiveCfg = Debug|Any CPU
		{8B6E4E45-5A83-446C-8043-6D8B753A23CE}.Debug|Any CPU.Build.0 = Debug|Any CPU
		{8B6E4E45-5A83-446C-8043-6D8B753A23CE}.Debug|x86.ActiveCfg = Debug|Any CPU
		{8B6E4E45-5A83-446C-8043-6D8B753A23CE}.Debug|x86.Build.0 = Debug|Any CPU
		{8B6E4E45-5A83-446C-8043-6D8B753A23CE}.Release|Any CPU.ActiveCfg = Release|Any CPU
		{8B6E4E45-5A83-446C-8043-6D8B753A23CE}.Release|Any CPU.Build.0 = Release|Any CPU
		{8B6E4E45-5A83-446C-8043-6D8B753A23CE}.Release|x86.ActiveCfg = Release|Any CPU
		{8B6E4E45-5A83-446C-8043-6D8B753A23CE}.Release|x86.Build.0 = Release|Any CPU
		{8B6E4E45-5A83-446C-8043-6D8B753A23CE}.Release-Linux|Any CPU.ActiveCfg = Release-Linux|Any CPU
		{8B6E4E45-5A83-446C-8043-6D8B753A23CE}.Release-Linux|Any CPU.Build.0 = Release-Linux|Any CPU
		{8B6E4E45-5A83-446C-8043-6D8B753A23CE}.Release-Linux|x86.ActiveCfg = Release-Linux|Any CPU
		{8B6E4E45-5A83-446C-8043-6D8B753A23CE}.Release-Linux|x86.Build.0 = Release-Linux|Any CPU
		{8B6E4E45-5A83-446C-8043-6D8B753A23CE}.Release-OSX|Any CPU.ActiveCfg = Release-OSX|Any CPU
		{8B6E4E45-5A83-446C-8043-6D8B753A23CE}.Release-OSX|Any CPU.Build.0 = Release-OSX|Any CPU
		{8B6E4E45-5A83-446C-8043-6D8B753A23CE}.Release-OSX|x86.ActiveCfg = Release-OSX|Any CPU
		{8B6E4E45-5A83-446C-8043-6D8B753A23CE}.Release-OSX|x86.Build.0 = Release-OSX|Any CPU
	EndGlobalSection
	GlobalSection(SolutionProperties) = preSolution
		HideSolutionNode = FALSE
	EndGlobalSection
	GlobalSection(ExtensibilityGlobals) = postSolution
		SolutionGuid = {FD75D117-FE5B-4AFF-959C-F5ACAE379C11}
	EndGlobalSection
EndGlobal
